
Microsoft Visual Studio Solution File, Format Version 12.00
Project("{FAE04EC0-301F-11D3-BF4B-00C04F79EFBC}") = "CheckMyGame", "CheckMyGame\CheckMyGame.csproj", "{0D23C59E-DA7C-4022-8431-A182D691D343}"
EndProject
Global
	GlobalSection(SolutionConfigurationPlatforms) = preSolution
		Debug|Any CPU = Debug|Any CPU
		Release|Any CPU = Release|Any CPU
	EndGlobalSection
	GlobalSection(ProjectConfigurationPlatforms) = postSolution
		{0D23C59E-DA7C-4022-8431-A182D691D343}.Debug|Any CPU.ActiveCfg = Debug|Any CPU
		{0D23C59E-DA7C-4022-8431-A182D691D343}.Debug|Any CPU.Build.0 = Debug|Any CPU
		{0D23C59E-DA7C-4022-8431-A182D691D343}.Release|Any CPU.ActiveCfg = Release|Any CPU
		{0D23C59E-DA7C-4022-8431-A182D691D343}.Release|Any CPU.Build.0 = Release|Any CPU
	EndGlobalSection
EndGlobal
